// !$*UTF8*$!
{
	archiveVersion = 1;
	classes = {
	};
	objectVersion = 56;
	objects = {

/* Begin PBXBuildFile section */
		BAF17A6A2C470AAE00ED0515 /* iCaloriesApp.swift in Sources */ = {isa = PBXBuildFile; fileRef = BAF17A692C470AAE00ED0515 /* iCaloriesApp.swift */; };
		BAF17A6C2C470AAE00ED0515 /* ContentView.swift in Sources */ = {isa = PBXBuildFile; fileRef = BAF17A6B2C470AAE00ED0515 /* ContentView.swift */; };
		BAF17A6E2C470AB100ED0515 /* Assets.xcassets in Resources */ = {isa = PBXBuildFile; fileRef = BAF17A6D2C470AB100ED0515 /* Assets.xcassets */; };
		BAF17A712C470AB100ED0515 /* Preview Assets.xcassets in Resources */ = {isa = PBXBuildFile; fileRef = BAF17A702C470AB100ED0515 /* Preview Assets.xcassets */; };
		BAF17A7A2C470B2A00ED0515 /* FoodModel.xcdatamodeld in Sources */ = {isa = PBXBuildFile; fileRef = BAF17A782C470B2A00ED0515 /* FoodModel.xcdatamodeld */; };
		BAF17A7C2C470BEC00ED0515 /* DataController.swift in Sources */ = {isa = PBXBuildFile; fileRef = BAF17A7B2C470BEC00ED0515 /* DataController.swift */; };
		BAF17A802C470DE200ED0515 /* AddFoodView.swift in Sources */ = {isa = PBXBuildFile; fileRef = BAF17A7F2C470DE200ED0515 /* AddFoodView.swift */; };
		BAF17A822C470F2F00ED0515 /* TimeFormatting.swift in Sources */ = {isa = PBXBuildFile; fileRef = BAF17A812C470F2F00ED0515 /* TimeFormatting.swift */; };
		BAF17A842C47299800ED0515 /* EditFoodView.swift in Sources */ = {isa = PBXBuildFile; fileRef = BAF17A832C47299800ED0515 /* EditFoodView.swift */; };
/* End PBXBuildFile section */

/* Begin PBXFileReference section */
		BAF17A662C470AAE00ED0515 /* iCalories.app */ = {isa = PBXFileReference; explicitFileType = wrapper.application; includeInIndex = 0; path = iCalories.app; sourceTree = BUILT_PRODUCTS_DIR; };
		BAF17A692C470AAE00ED0515 /* iCaloriesApp.swift */ = {isa = PBXFileReference; lastKnownFileType = sourcecode.swift; path = iCaloriesApp.swift; sourceTree = "<group>"; };
		BAF17A6B2C470AAE00ED0515 /* ContentView.swift */ = {isa = PBXFileReference; lastKnownFileType = sourcecode.swift; path = ContentView.swift; sourceTree = "<group>"; };
		BAF17A6D2C470AB100ED0515 /* Assets.xcassets */ = {isa = PBXFileReference; lastKnownFileType = folder.assetcatalog; path = Assets.xcassets; sourceTree = "<group>"; };
		BAF17A702C470AB100ED0515 /* Preview Assets.xcassets */ = {isa = PBXFileReference; lastKnownFileType = folder.assetcatalog; path = "Preview Assets.xcassets"; sourceTree = "<group>"; };
		BAF17A792C470B2A00ED0515 /* FoodModel.xcdatamodel */ = {isa = PBXFileReference; lastKnownFileType = wrapper.xcdatamodel; path = FoodModel.xcdatamodel; sourceTree = "<group>"; };
		BAF17A7B2C470BEC00ED0515 /* DataController.swift */ = {isa = PBXFileReference; lastKnownFileType = sourcecode.swift; path = DataController.swift; sourceTree = "<group>"; };
		BAF17A7F2C470DE200ED0515 /* AddFoodView.swift */ = {isa = PBXFileReference; lastKnownFileType = sourcecode.swift; path = AddFoodView.swift; sourceTree = "<group>"; };
		BAF17A812C470F2F00ED0515 /* TimeFormatting.swift */ = {isa = PBXFileReference; lastKnownFileType = sourcecode.swift; path = TimeFormatting.swift; sourceTree = "<group>"; };
		BAF17A832C47299800ED0515 /* EditFoodView.swift */ = {isa = PBXFileReference; lastKnownFileType = sourcecode.swift; path = EditFoodView.swift; sourceTree = "<group>"; };
/* End PBXFileReference section */

/* Begin PBXFrameworksBuildPhase section */
		BAF17A632C470AAE00ED0515 /* Frameworks */ = {
			isa = PBXFrameworksBuildPhase;
			buildActionMask = 2147483647;
			files = (
			);
			runOnlyForDeploymentPostprocessing = 0;
		};
/* End PBXFrameworksBuildPhase section */

/* Begin PBXGroup section */
		BAF17A5D2C470AAE00ED0515 = {
			isa = PBXGroup;
			children = (
				BAF17A682C470AAE00ED0515 /* iCalories */,
				BAF17A672C470AAE00ED0515 /* Products */,
			);
			sourceTree = "<group>";
		};
		BAF17A672C470AAE00ED0515 /* Products */ = {
			isa = PBXGroup;
			children = (
				BAF17A662C470AAE00ED0515 /* iCalories.app */,
			);
			name = Products;
			sourceTree = "<group>";
		};
		BAF17A682C470AAE00ED0515 /* iCalories */ = {
			isa = PBXGroup;
			children = (
				BAF17A7E2C470DCB00ED0515 /* Helpers */,
				BAF17A7D2C470DC200ED0515 /* Views */,
				BAF17A772C470ACD00ED0515 /* DataModel */,
				BAF17A692C470AAE00ED0515 /* iCaloriesApp.swift */,
				BAF17A6D2C470AB100ED0515 /* Assets.xcassets */,
				BAF17A6F2C470AB100ED0515 /* Preview Content */,
			);
			path = iCalories;
			sourceTree = "<group>";
		};
		BAF17A6F2C470AB100ED0515 /* Preview Content */ = {
			isa = PBXGroup;
			children = (
				BAF17A702C470AB100ED0515 /* Preview Assets.xcassets */,
			);
			path = "Preview Content";
			sourceTree = "<group>";
		};
		BAF17A772C470ACD00ED0515 /* DataModel */ = {
			isa = PBXGroup;
			children = (
				BAF17A782C470B2A00ED0515 /* FoodModel.xcdatamodeld */,
				BAF17A7B2C470BEC00ED0515 /* DataController.swift */,
			);
			path = DataModel;
			sourceTree = "<group>";
		};
		BAF17A7D2C470DC200ED0515 /* Views */ = {
			isa = PBXGroup;
			children = (
				BAF17A6B2C470AAE00ED0515 /* ContentView.swift */,
				BAF17A7F2C470DE200ED0515 /* AddFoodView.swift */,
				BAF17A832C47299800ED0515 /* EditFoodView.swift */,
			);
			path = Views;
			sourceTree = "<group>";
		};
		BAF17A7E2C470DCB00ED0515 /* Helpers */ = {
			isa = PBXGroup;
			children = (
				BAF17A812C470F2F00ED0515 /* TimeFormatting.swift */,
			);
			path = Helpers;
			sourceTree = "<group>";
		};
/* End PBXGroup section */

/* Begin PBXNativeTarget section */
		BAF17A652C470AAE00ED0515 /* iCalories */ = {
			isa = PBXNativeTarget;
			buildConfigurationList = BAF17A742C470AB100ED0515 /* Build configuration list for PBXNativeTarget "iCalories" */;
			buildPhases = (
				BAF17A622C470AAE00ED0515 /* Sources */,
				BAF17A632C470AAE00ED0515 /* Frameworks */,
				BAF17A642C470AAE00ED0515 /* Resources */,
			);
			buildRules = (
			);
			dependencies = (
			);
			name = iCalories;
			productName = iCalories;
			productReference = BAF17A662C470AAE00ED0515 /* iCalories.app */;
			productType = "com.apple.product-type.application";
		};
/* End PBXNativeTarget section */

/* Begin PBXProject section */
		BAF17A5E2C470AAE00ED0515 /* Project object */ = {
			isa = PBXProject;
			attributes = {
				BuildIndependentTargetsInParallel = 1;
				LastSwiftUpdateCheck = 1540;
				LastUpgradeCheck = 1540;
				TargetAttributes = {
					BAF17A652C470AAE00ED0515 = {
						CreatedOnToolsVersion = 15.4;
					};
				};
			};
			buildConfigurationList = BAF17A612C470AAE00ED0515 /* Build configuration list for PBXProject "iCalories" */;
			compatibilityVersion = "Xcode 14.0";
			developmentRegion = en;
			hasScannedForEncodings = 0;
			knownRegions = (
				en,
				Base,
			);
			mainGroup = BAF17A5D2C470AAE00ED0515;
			productRefGroup = BAF17A672C470AAE00ED0515 /* Products */;
			projectDirPath = "";
			projectRoot = "";
			targets = (
				BAF17A652C470AAE00ED0515 /* iCalories */,
			);
		};
/* End PBXProject section */

/* Begin PBXResourcesBuildPhase section */
		BAF17A642C470AAE00ED0515 /* Resources */ = {
			isa = PBXResourcesBuildPhase;
			buildActionMask = 2147483647;
			files = (
				BAF17A712C470AB100ED0515 /* Preview Assets.xcassets in Resources */,
				BAF17A6E2C470AB100ED0515 /* Assets.xcassets in Resources */,
			);
			runOnlyForDeploymentPostprocessing = 0;
		};
/* End PBXResourcesBuildPhase section */

/* Begin PBXSourcesBuildPhase section */
		BAF17A622C470AAE00ED0515 /* Sources */ = {
			isa = PBXSourcesBuildPhase;
			buildActionMask = 2147483647;
			files = (
				BAF17A802C470DE200ED0515 /* AddFoodView.swift in Sources */,
				BAF17A6C2C470AAE00ED0515 /* ContentView.swift in Sources */,
				BAF17A7C2C470BEC00ED0515 /* DataController.swift in Sources */,
				BAF17A6A2C470AAE00ED0515 /* iCaloriesApp.swift in Sources */,
				BAF17A7A2C470B2A00ED0515 /* FoodModel.xcdatamodeld in Sources */,
				BAF17A842C47299800ED0515 /* EditFoodView.swift in Sources */,
				BAF17A822C470F2F00ED0515 /* TimeFormatting.swift in Sources */,
			);
			runOnlyForDeploymentPostprocessing = 0;
		};
/* End PBXSourcesBuildPhase section */

/* Begin XCBuildConfiguration section */
		BAF17A722C470AB100ED0515 /* Debug */ = {
			isa = XCBuildConfiguration;
			buildSettings = {
				ALWAYS_SEARCH_USER_PATHS = NO;
				ASSETCATALOG_COMPILER_GENERATE_SWIFT_ASSET_SYMBOL_EXTENSIONS = YES;
				CLANG_ANALYZER_NONNULL = YES;
				CLANG_ANALYZER_NUMBER_OBJECT_CONVERSION = YES_AGGRESSIVE;
				CLANG_CXX_LANGUAGE_STANDARD = "gnu++20";
				CLANG_ENABLE_MODULES = YES;
				CLANG_ENABLE_OBJC_ARC = YES;
				CLANG_ENABLE_OBJC_WEAK = YES;
				CLANG_WARN_BLOCK_CAPTURE_AUTORELEASING = YES;
				CLANG_WARN_BOOL_CONVERSION = YES;
				CLANG_WARN_COMMA = YES;
				CLANG_WARN_CONSTANT_CONVERSION = YES;
				CLANG_WARN_DEPRECATED_OBJC_IMPLEMENTATIONS = YES;
				CLANG_WARN_DIRECT_OBJC_ISA_USAGE = YES_ERROR;
				CLANG_WARN_DOCUMENTATION_COMMENTS = YES;
				CLANG_WARN_EMPTY_BODY = YES;
				CLANG_WARN_ENUM_CONVERSION = YES;
				CLANG_WARN_INFINITE_RECURSION = YES;
				CLANG_WARN_INT_CONVERSION = YES;
				CLANG_WARN_NON_LITERAL_NULL_CONVERSION = YES;
				CLANG_WARN_OBJC_IMPLICIT_RETAIN_SELF = YES;
				CLANG_WARN_OBJC_LITERAL_CONVERSION = YES;
				CLANG_WARN_OBJC_ROOT_CLASS = YES_ERROR;
				CLANG_WARN_QUOTED_INCLUDE_IN_FRAMEWORK_HEADER = YES;
				CLANG_WARN_RANGE_LOOP_ANALYSIS = YES;
				CLANG_WARN_STRICT_PROTOTYPES = YES;
				CLANG_WARN_SUSPICIOUS_MOVE = YES;
				CLANG_WARN_UNGUARDED_AVAILABILITY = YES_AGGRESSIVE;
				CLANG_WARN_UNREACHABLE_CODE = YES;
				CLANG_WARN__DUPLICATE_METHOD_MATCH = YES;
				COPY_PHASE_STRIP = NO;
				DEBUG_INFORMATION_FORMAT = dwarf;
				ENABLE_STRICT_OBJC_MSGSEND = YES;
				ENABLE_TESTABILITY = YES;
				ENABLE_USER_SCRIPT_SANDBOXING = YES;
				GCC_C_LANGUAGE_STANDARD = gnu17;
				GCC_DYNAMIC_NO_PIC = NO;
				GCC_NO_COMMON_BLOCKS = YES;
				GCC_OPTIMIZATION_LEVEL = 0;
				GCC_PREPROCESSOR_DEFINITIONS = (
					"DEBUG=1",
					"$(inherited)",
				);
				GCC_WARN_64_TO_32_BIT_CONVERSION = YES;
				GCC_WARN_ABOUT_RETURN_TYPE = YES_ERROR;
				GCC_WARN_UNDECLARED_SELECTOR = YES;
				GCC_WARN_UNINITIALIZED_AUTOS = YES_AGGRESSIVE;
				GCC_WARN_UNUSED_FUNCTION = YES;
				GCC_WARN_UNUSED_VARIABLE = YES;
				IPHONEOS_DEPLOYMENT_TARGET = 17.5;
				LOCALIZATION_PREFERS_STRING_CATALOGS = YES;
				MTL_ENABLE_DEBUG_INFO = INCLUDE_SOURCE;
				MTL_FAST_MATH = YES;
				ONLY_ACTIVE_ARCH = YES;
				SDKROOT = iphoneos;
				SWIFT_ACTIVE_COMPILATION_CONDITIONS = "DEBUG $(inherited)";
				SWIFT_OPTIMIZATION_LEVEL = "-Onone";
			};
			name = Debug;
		};
		BAF17A732C470AB100ED0515 /* Release */ = {
			isa = XCBuildConfiguration;
			buildSettings = {
				ALWAYS_SEARCH_USER_PATHS = NO;
				ASSETCATALOG_COMPILER_GENERATE_SWIFT_ASSET_SYMBOL_EXTENSIONS = YES;
				CLANG_ANALYZER_NONNULL = YES;
				CLANG_ANALYZER_NUMBER_OBJECT_CONVERSION = YES_AGGRESSIVE;
				CLANG_CXX_LANGUAGE_STANDARD = "gnu++20";
				CLANG_ENABLE_MODULES = YES;
				CLANG_ENABLE_OBJC_ARC = YES;
				CLANG_ENABLE_OBJC_WEAK = YES;
				CLANG_WARN_BLOCK_CAPTURE_AUTORELEASING = YES;
				CLANG_WARN_BOOL_CONVERSION = YES;
				CLANG_WARN_COMMA = YES;
				CLANG_WARN_CONSTANT_CONVERSION = YES;
				CLANG_WARN_DEPRECATED_OBJC_IMPLEMENTATIONS = YES;
				CLANG_WARN_DIRECT_OBJC_ISA_USAGE = YES_ERROR;
				CLANG_WARN_DOCUMENTATION_COMMENTS = YES;
				CLANG_WARN_EMPTY_BODY = YES;
				CLANG_WARN_ENUM_CONVERSION = YES;
				CLANG_WARN_INFINITE_RECURSION = YES;
				CLANG_WARN_INT_CONVERSION = YES;
				CLANG_WARN_NON_LITERAL_NULL_CONVERSION = YES;
				CLANG_WARN_OBJC_IMPLICIT_RETAIN_SELF = YES;
				CLANG_WARN_OBJC_LITERAL_CONVERSION = YES;
				CLANG_WARN_OBJC_ROOT_CLASS = YES_ERROR;
				CLANG_WARN_QUOTED_INCLUDE_IN_FRAMEWORK_HEADER = YES;
				CLANG_WARN_RANGE_LOOP_ANALYSIS = YES;
				CLANG_WARN_STRICT_PROTOTYPES = YES;
				CLANG_WARN_SUSPICIOUS_MOVE = YES;
				CLANG_WARN_UNGUARDED_AVAILABILITY = YES_AGGRESSIVE;
				CLANG_WARN_UNREACHABLE_CODE = YES;
				CLANG_WARN__DUPLICATE_METHOD_MATCH = YES;
				COPY_PHASE_STRIP = NO;
				DEBUG_INFORMATION_FORMAT = "dwarf-with-dsym";
				ENABLE_NS_ASSERTIONS = NO;
				ENABLE_STRICT_OBJC_MSGSEND = YES;
				ENABLE_USER_SCRIPT_SANDBOXING = YES;
				GCC_C_LANGUAGE_STANDARD = gnu17;
				GCC_NO_COMMON_BLOCKS = YES;
				GCC_WARN_64_TO_32_BIT_CONVERSION = YES;
				GCC_WARN_ABOUT_RETURN_TYPE = YES_ERROR;
				GCC_WARN_UNDECLARED_SELECTOR = YES;
				GCC_WARN_UNINITIALIZED_AUTOS = YES_AGGRESSIVE;
				GCC_WARN_UNUSED_FUNCTION = YES;
				GCC_WARN_UNUSED_VARIABLE = YES;
				IPHONEOS_DEPLOYMENT_TARGET = 17.5;
				LOCALIZATION_PREFERS_STRING_CATALOGS = YES;
				MTL_ENABLE_DEBUG_INFO = NO;
				MTL_FAST_MATH = YES;
				SDKROOT = iphoneos;
				SWIFT_COMPILATION_MODE = wholemodule;
				VALIDATE_PRODUCT = YES;
			};
			name = Release;
		};
		BAF17A752C470AB100ED0515 /* Debug */ = {
			isa = XCBuildConfiguration;
			buildSettings = {
				ASSETCATALOG_COMPILER_APPICON_NAME = AppIcon;
				ASSETCATALOG_COMPILER_GLOBAL_ACCENT_COLOR_NAME = AccentColor;
				CODE_SIGN_STYLE = Automatic;
				CURRENT_PROJECT_VERSION = 1;
				DEVELOPMENT_ASSET_PATHS = "\"iCalories/Preview Content\"";
				DEVELOPMENT_TEAM = 6VH946FT2M;
				ENABLE_PREVIEWS = YES;
				GENERATE_INFOPLIST_FILE = YES;
				INFOPLIST_KEY_UIApplicationSceneManifest_Generation = YES;
				INFOPLIST_KEY_UIApplicationSupportsIndirectInputEvents = YES;
				INFOPLIST_KEY_UILaunchScreen_Generation = YES;
				INFOPLIST_KEY_UISupportedInterfaceOrientations_iPad = "UIInterfaceOrientationPortrait UIInterfaceOrientationPortraitUpsideDown UIInterfaceOrientationLandscapeLeft UIInterfaceOrientationLandscapeRight";
				INFOPLIST_KEY_UISupportedInterfaceOrientations_iPhone = "UIInterfaceOrientationPortrait UIInterfaceOrientationLandscapeLeft UIInterfaceOrientationLandscapeRight";
				LD_RUNPATH_SEARCH_PATHS = (
					"$(inherited)",
					"@executable_path/Frameworks",
				);
				MARKETING_VERSION = 1.0;
				PRODUCT_BUNDLE_IDENTIFIER = com.henrycalderon.iCalories;
				PRODUCT_NAME = "$(TARGET_NAME)";
				SWIFT_EMIT_LOC_STRINGS = YES;
				SWIFT_VERSION = 5.0;
				TARGETED_DEVICE_FAMILY = "1,2";
			};
			name = Debug;
		};
		BAF17A762C470AB100ED0515 /* Release */ = {
			isa = XCBuildConfiguration;
			buildSettings = {
				ASSETCATALOG_COMPILER_APPICON_NAME = AppIcon;
				ASSETCATALOG_COMPILER_GLOBAL_ACCENT_COLOR_NAME = AccentColor;
				CODE_SIGN_STYLE = Automatic;
				CURRENT_PROJECT_VERSION = 1;
				DEVELOPMENT_ASSET_PATHS = "\"iCalories/Preview Content\"";
				DEVELOPMENT_TEAM = 6VH946FT2M;
				ENABLE_PREVIEWS = YES;
				GENERATE_INFOPLIST_FILE = YES;
				INFOPLIST_KEY_UIApplicationSceneManifest_Generation = YES;
				INFOPLIST_KEY_UIApplicationSupportsIndirectInputEvents = YES;
				INFOPLIST_KEY_UILaunchScreen_Generation = YES;
				INFOPLIST_KEY_UISupportedInterfaceOrientations_iPad = "UIInterfaceOrientationPortrait UIInterfaceOrientationPortraitUpsideDown UIInterfaceOrientationLandscapeLeft UIInterfaceOrientationLandscapeRight";
				INFOPLIST_KEY_UISupportedInterfaceOrientations_iPhone = "UIInterfaceOrientationPortrait UIInterfaceOrientationLandscapeLeft UIInterfaceOrientationLandscapeRight";
				LD_RUNPATH_SEARCH_PATHS = (
					"$(inherited)",
					"@executable_path/Frameworks",
				);
				MARKETING_VERSION = 1.0;
				PRODUCT_BUNDLE_IDENTIFIER = com.henrycalderon.iCalories;
				PRODUCT_NAME = "$(TARGET_NAME)";
				SWIFT_EMIT_LOC_STRINGS = YES;
				SWIFT_VERSION = 5.0;
				TARGETED_DEVICE_FAMILY = "1,2";
			};
			name = Release;
		};
/* End XCBuildConfiguration section */

/* Begin XCConfigurationList section */
		BAF17A612C470AAE00ED0515 /* Build configuration list for PBXProject "iCalories" */ = {
			isa = XCConfigurationList;
			buildConfigurations = (
				BAF17A722C470AB100ED0515 /* Debug */,
				BAF17A732C470AB100ED0515 /* Release */,
			);
			defaultConfigurationIsVisible = 0;
			defaultConfigurationName = Release;
		};
		BAF17A742C470AB100ED0515 /* Build configuration list for PBXNativeTarget "iCalories" */ = {
			isa = XCConfigurationList;
			buildConfigurations = (
				BAF17A752C470AB100ED0515 /* Debug */,
				BAF17A762C470AB100ED0515 /* Release */,
			);
			defaultConfigurationIsVisible = 0;
			defaultConfigurationName = Release;
		};
/* End XCConfigurationList section */

/* Begin XCVersionGroup section */
		BAF17A782C470B2A00ED0515 /* FoodModel.xcdatamodeld */ = {
			isa = XCVersionGroup;
			children = (
				BAF17A792C470B2A00ED0515 /* FoodModel.xcdatamodel */,
			);
			currentVersion = BAF17A792C470B2A00ED0515 /* FoodModel.xcdatamodel */;
			name = FoodModel.xcdatamodeld;
			path = "/Users/henry/Documents/Development/Quick-Review/iCalories/iCalories/DataModel/FoodModel.xcdatamodeld";
			sourceTree = "<group>";
			versionGroupType = wrapper.xcdatamodel;
		};
/* End XCVersionGroup section */
	};
	rootObject = BAF17A5E2C470AAE00ED0515 /* Project object */;
}
