// !$*UTF8*$!
{
	archiveVersion = 1;
	classes = {
	};
	objectVersion = 56;
	objects = {

/* Begin PBXBuildFile section */
		BABDE3BE2C496FC4000EE1B1 /* QuickDiaryApp.swift in Sources */ = {isa = PBXBuildFile; fileRef = BABDE3BD2C496FC4000EE1B1 /* QuickDiaryApp.swift */; };
		BABDE3C02C496FC4000EE1B1 /* ContentView.swift in Sources */ = {isa = PBXBuildFile; fileRef = BABDE3BF2C496FC4000EE1B1 /* ContentView.swift */; };
		BABDE3C22C496FC4000EE1B1 /* Item.swift in Sources */ = {isa = PBXBuildFile; fileRef = BABDE3C12C496FC4000EE1B1 /* Item.swift */; };
		BABDE3C42C496FC7000EE1B1 /* Assets.xcassets in Resources */ = {isa = PBXBuildFile; fileRef = BABDE3C32C496FC7000EE1B1 /* Assets.xcassets */; };
		BABDE3C72C496FC7000EE1B1 /* Preview Assets.xcassets in Resources */ = {isa = PBXBuildFile; fileRef = BABDE3C62C496FC7000EE1B1 /* Preview Assets.xcassets */; };
		BABDE3CF2C497229000EE1B1 /* DiaryEntryModel.swift in Sources */ = {isa = PBXBuildFile; fileRef = BABDE3CE2C497229000EE1B1 /* DiaryEntryModel.swift */; };
		BABDE3D22C497381000EE1B1 /* DiaryListCell.swift in Sources */ = {isa = PBXBuildFile; fileRef = BABDE3D12C497381000EE1B1 /* DiaryListCell.swift */; };
/* End PBXBuildFile section */

/* Begin PBXFileReference section */
		BABDE3BA2C496FC4000EE1B1 /* QuickDiary.app */ = {isa = PBXFileReference; explicitFileType = wrapper.application; includeInIndex = 0; path = QuickDiary.app; sourceTree = BUILT_PRODUCTS_DIR; };
		BABDE3BD2C496FC4000EE1B1 /* QuickDiaryApp.swift */ = {isa = PBXFileReference; lastKnownFileType = sourcecode.swift; path = QuickDiaryApp.swift; sourceTree = "<group>"; };
		BABDE3BF2C496FC4000EE1B1 /* ContentView.swift */ = {isa = PBXFileReference; lastKnownFileType = sourcecode.swift; path = ContentView.swift; sourceTree = "<group>"; };
		BABDE3C12C496FC4000EE1B1 /* Item.swift */ = {isa = PBXFileReference; lastKnownFileType = sourcecode.swift; path = Item.swift; sourceTree = "<group>"; };
		BABDE3C32C496FC7000EE1B1 /* Assets.xcassets */ = {isa = PBXFileReference; lastKnownFileType = folder.assetcatalog; path = Assets.xcassets; sourceTree = "<group>"; };
		BABDE3C62C496FC7000EE1B1 /* Preview Assets.xcassets */ = {isa = PBXFileReference; lastKnownFileType = folder.assetcatalog; path = "Preview Assets.xcassets"; sourceTree = "<group>"; };
		BABDE3CE2C497229000EE1B1 /* DiaryEntryModel.swift */ = {isa = PBXFileReference; lastKnownFileType = sourcecode.swift; path = DiaryEntryModel.swift; sourceTree = "<group>"; };
		BABDE3D12C497381000EE1B1 /* DiaryListCell.swift */ = {isa = PBXFileReference; lastKnownFileType = sourcecode.swift; path = DiaryListCell.swift; sourceTree = "<group>"; };
/* End PBXFileReference section */

/* Begin PBXFrameworksBuildPhase section */
		BABDE3B72C496FC4000EE1B1 /* Frameworks */ = {
			isa = PBXFrameworksBuildPhase;
			buildActionMask = 2147483647;
			files = (
			);
			runOnlyForDeploymentPostprocessing = 0;
		};
/* End PBXFrameworksBuildPhase section */

/* Begin PBXGroup section */
		BABDE3B12C496FC4000EE1B1 = {
			isa = PBXGroup;
			children = (
				BABDE3BC2C496FC4000EE1B1 /* QuickDiary */,
				BABDE3BB2C496FC4000EE1B1 /* Products */,
			);
			sourceTree = "<group>";
		};
		BABDE3BB2C496FC4000EE1B1 /* Products */ = {
			isa = PBXGroup;
			children = (
				BABDE3BA2C496FC4000EE1B1 /* QuickDiary.app */,
			);
			name = Products;
			sourceTree = "<group>";
		};
		BABDE3BC2C496FC4000EE1B1 /* QuickDiary */ = {
			isa = PBXGroup;
			children = (
				BABDE3D02C49735A000EE1B1 /* Cells */,
				BABDE3CD2C497215000EE1B1 /* Model */,
				BABDE3BD2C496FC4000EE1B1 /* QuickDiaryApp.swift */,
				BABDE3BF2C496FC4000EE1B1 /* ContentView.swift */,
				BABDE3C12C496FC4000EE1B1 /* Item.swift */,
				BABDE3C32C496FC7000EE1B1 /* Assets.xcassets */,
				BABDE3C52C496FC7000EE1B1 /* Preview Content */,
			);
			path = QuickDiary;
			sourceTree = "<group>";
		};
		BABDE3C52C496FC7000EE1B1 /* Preview Content */ = {
			isa = PBXGroup;
			children = (
				BABDE3C62C496FC7000EE1B1 /* Preview Assets.xcassets */,
			);
			path = "Preview Content";
			sourceTree = "<group>";
		};
		BABDE3CD2C497215000EE1B1 /* Model */ = {
			isa = PBXGroup;
			children = (
				BABDE3CE2C497229000EE1B1 /* DiaryEntryModel.swift */,
			);
			path = Model;
			sourceTree = "<group>";
		};
		BABDE3D02C49735A000EE1B1 /* Cells */ = {
			isa = PBXGroup;
			children = (
				BABDE3D12C497381000EE1B1 /* DiaryListCell.swift */,
			);
			path = Cells;
			sourceTree = "<group>";
		};
/* End PBXGroup section */

/* Begin PBXNativeTarget section */
		BABDE3B92C496FC4000EE1B1 /* QuickDiary */ = {
			isa = PBXNativeTarget;
			buildConfigurationList = BABDE3CA2C496FC7000EE1B1 /* Build configuration list for PBXNativeTarget "QuickDiary" */;
			buildPhases = (
				BABDE3B62C496FC4000EE1B1 /* Sources */,
				BABDE3B72C496FC4000EE1B1 /* Frameworks */,
				BABDE3B82C496FC4000EE1B1 /* Resources */,
			);
			buildRules = (
			);
			dependencies = (
			);
			name = QuickDiary;
			productName = QuickDiary;
			productReference = BABDE3BA2C496FC4000EE1B1 /* QuickDiary.app */;
			productType = "com.apple.product-type.application";
		};
/* End PBXNativeTarget section */

/* Begin PBXProject section */
		BABDE3B22C496FC4000EE1B1 /* Project object */ = {
			isa = PBXProject;
			attributes = {
				BuildIndependentTargetsInParallel = 1;
				LastSwiftUpdateCheck = 1540;
				LastUpgradeCheck = 1540;
				TargetAttributes = {
					BABDE3B92C496FC4000EE1B1 = {
						CreatedOnToolsVersion = 15.4;
					};
				};
			};
			buildConfigurationList = BABDE3B52C496FC4000EE1B1 /* Build configuration list for PBXProject "QuickDiary" */;
			compatibilityVersion = "Xcode 14.0";
			developmentRegion = en;
			hasScannedForEncodings = 0;
			knownRegions = (
				en,
				Base,
			);
			mainGroup = BABDE3B12C496FC4000EE1B1;
			productRefGroup = BABDE3BB2C496FC4000EE1B1 /* Products */;
			projectDirPath = "";
			projectRoot = "";
			targets = (
				BABDE3B92C496FC4000EE1B1 /* QuickDiary */,
			);
		};
/* End PBXProject section */

/* Begin PBXResourcesBuildPhase section */
		BABDE3B82C496FC4000EE1B1 /* Resources */ = {
			isa = PBXResourcesBuildPhase;
			buildActionMask = 2147483647;
			files = (
				BABDE3C72C496FC7000EE1B1 /* Preview Assets.xcassets in Resources */,
				BABDE3C42C496FC7000EE1B1 /* Assets.xcassets in Resources */,
			);
			runOnlyForDeploymentPostprocessing = 0;
		};
/* End PBXResourcesBuildPhase section */

/* Begin PBXSourcesBuildPhase section */
		BABDE3B62C496FC4000EE1B1 /* Sources */ = {
			isa = PBXSourcesBuildPhase;
			buildActionMask = 2147483647;
			files = (
				BABDE3CF2C497229000EE1B1 /* DiaryEntryModel.swift in Sources */,
				BABDE3D22C497381000EE1B1 /* DiaryListCell.swift in Sources */,
				BABDE3C02C496FC4000EE1B1 /* ContentView.swift in Sources */,
				BABDE3C22C496FC4000EE1B1 /* Item.swift in Sources */,
				BABDE3BE2C496FC4000EE1B1 /* QuickDiaryApp.swift in Sources */,
			);
			runOnlyForDeploymentPostprocessing = 0;
		};
/* End PBXSourcesBuildPhase section */

/* Begin XCBuildConfiguration section */
		BABDE3C82C496FC7000EE1B1 /* Debug */ = {
			isa = XCBuildConfiguration;
			buildSettings = {
				ALWAYS_SEARCH_USER_PATHS = NO;
				ASSETCATALOG_COMPILER_GENERATE_SWIFT_ASSET_SYMBOL_EXTENSIONS = YES;
				CLANG_ANALYZER_NONNULL = YES;
				CLANG_ANALYZER_NUMBER_OBJECT_CONVERSION = YES_AGGRESSIVE;
				CLANG_CXX_LANGUAGE_STANDARD = "gnu++20";
				CLANG_ENABLE_MODULES = YES;
				CLANG_ENABLE_OBJC_ARC = YES;
				CLANG_ENABLE_OBJC_WEAK = YES;
				CLANG_WARN_BLOCK_CAPTURE_AUTORELEASING = YES;
				CLANG_WARN_BOOL_CONVERSION = YES;
				CLANG_WARN_COMMA = YES;
				CLANG_WARN_CONSTANT_CONVERSION = YES;
				CLANG_WARN_DEPRECATED_OBJC_IMPLEMENTATIONS = YES;
				CLANG_WARN_DIRECT_OBJC_ISA_USAGE = YES_ERROR;
				CLANG_WARN_DOCUMENTATION_COMMENTS = YES;
				CLANG_WARN_EMPTY_BODY = YES;
				CLANG_WARN_ENUM_CONVERSION = YES;
				CLANG_WARN_INFINITE_RECURSION = YES;
				CLANG_WARN_INT_CONVERSION = YES;
				CLANG_WARN_NON_LITERAL_NULL_CONVERSION = YES;
				CLANG_WARN_OBJC_IMPLICIT_RETAIN_SELF = YES;
				CLANG_WARN_OBJC_LITERAL_CONVERSION = YES;
				CLANG_WARN_OBJC_ROOT_CLASS = YES_ERROR;
				CLANG_WARN_QUOTED_INCLUDE_IN_FRAMEWORK_HEADER = YES;
				CLANG_WARN_RANGE_LOOP_ANALYSIS = YES;
				CLANG_WARN_STRICT_PROTOTYPES = YES;
				CLANG_WARN_SUSPICIOUS_MOVE = YES;
				CLANG_WARN_UNGUARDED_AVAILABILITY = YES_AGGRESSIVE;
				CLANG_WARN_UNREACHABLE_CODE = YES;
				CLANG_WARN__DUPLICATE_METHOD_MATCH = YES;
				COPY_PHASE_STRIP = NO;
				DEBUG_INFORMATION_FORMAT = dwarf;
				ENABLE_STRICT_OBJC_MSGSEND = YES;
				ENABLE_TESTABILITY = YES;
				ENABLE_USER_SCRIPT_SANDBOXING = YES;
				GCC_C_LANGUAGE_STANDARD = gnu17;
				GCC_DYNAMIC_NO_PIC = NO;
				GCC_NO_COMMON_BLOCKS = YES;
				GCC_OPTIMIZATION_LEVEL = 0;
				GCC_PREPROCESSOR_DEFINITIONS = (
					"DEBUG=1",
					"$(inherited)",
				);
				GCC_WARN_64_TO_32_BIT_CONVERSION = YES;
				GCC_WARN_ABOUT_RETURN_TYPE = YES_ERROR;
				GCC_WARN_UNDECLARED_SELECTOR = YES;
				GCC_WARN_UNINITIALIZED_AUTOS = YES_AGGRESSIVE;
				GCC_WARN_UNUSED_FUNCTION = YES;
				GCC_WARN_UNUSED_VARIABLE = YES;
				IPHONEOS_DEPLOYMENT_TARGET = 17.5;
				LOCALIZATION_PREFERS_STRING_CATALOGS = YES;
				MTL_ENABLE_DEBUG_INFO = INCLUDE_SOURCE;
				MTL_FAST_MATH = YES;
				ONLY_ACTIVE_ARCH = YES;
				SDKROOT = iphoneos;
				SWIFT_ACTIVE_COMPILATION_CONDITIONS = "DEBUG $(inherited)";
				SWIFT_OPTIMIZATION_LEVEL = "-Onone";
			};
			name = Debug;
		};
		BABDE3C92C496FC7000EE1B1 /* Release */ = {
			isa = XCBuildConfiguration;
			buildSettings = {
				ALWAYS_SEARCH_USER_PATHS = NO;
				ASSETCATALOG_COMPILER_GENERATE_SWIFT_ASSET_SYMBOL_EXTENSIONS = YES;
				CLANG_ANALYZER_NONNULL = YES;
				CLANG_ANALYZER_NUMBER_OBJECT_CONVERSION = YES_AGGRESSIVE;
				CLANG_CXX_LANGUAGE_STANDARD = "gnu++20";
				CLANG_ENABLE_MODULES = YES;
				CLANG_ENABLE_OBJC_ARC = YES;
				CLANG_ENABLE_OBJC_WEAK = YES;
				CLANG_WARN_BLOCK_CAPTURE_AUTORELEASING = YES;
				CLANG_WARN_BOOL_CONVERSION = YES;
				CLANG_WARN_COMMA = YES;
				CLANG_WARN_CONSTANT_CONVERSION = YES;
				CLANG_WARN_DEPRECATED_OBJC_IMPLEMENTATIONS = YES;
				CLANG_WARN_DIRECT_OBJC_ISA_USAGE = YES_ERROR;
				CLANG_WARN_DOCUMENTATION_COMMENTS = YES;
				CLANG_WARN_EMPTY_BODY = YES;
				CLANG_WARN_ENUM_CONVERSION = YES;
				CLANG_WARN_INFINITE_RECURSION = YES;
				CLANG_WARN_INT_CONVERSION = YES;
				CLANG_WARN_NON_LITERAL_NULL_CONVERSION = YES;
				CLANG_WARN_OBJC_IMPLICIT_RETAIN_SELF = YES;
				CLANG_WARN_OBJC_LITERAL_CONVERSION = YES;
				CLANG_WARN_OBJC_ROOT_CLASS = YES_ERROR;
				CLANG_WARN_QUOTED_INCLUDE_IN_FRAMEWORK_HEADER = YES;
				CLANG_WARN_RANGE_LOOP_ANALYSIS = YES;
				CLANG_WARN_STRICT_PROTOTYPES = YES;
				CLANG_WARN_SUSPICIOUS_MOVE = YES;
				CLANG_WARN_UNGUARDED_AVAILABILITY = YES_AGGRESSIVE;
				CLANG_WARN_UNREACHABLE_CODE = YES;
				CLANG_WARN__DUPLICATE_METHOD_MATCH = YES;
				COPY_PHASE_STRIP = NO;
				DEBUG_INFORMATION_FORMAT = "dwarf-with-dsym";
				ENABLE_NS_ASSERTIONS = NO;
				ENABLE_STRICT_OBJC_MSGSEND = YES;
				ENABLE_USER_SCRIPT_SANDBOXING = YES;
				GCC_C_LANGUAGE_STANDARD = gnu17;
				GCC_NO_COMMON_BLOCKS = YES;
				GCC_WARN_64_TO_32_BIT_CONVERSION = YES;
				GCC_WARN_ABOUT_RETURN_TYPE = YES_ERROR;
				GCC_WARN_UNDECLARED_SELECTOR = YES;
				GCC_WARN_UNINITIALIZED_AUTOS = YES_AGGRESSIVE;
				GCC_WARN_UNUSED_FUNCTION = YES;
				GCC_WARN_UNUSED_VARIABLE = YES;
				IPHONEOS_DEPLOYMENT_TARGET = 17.5;
				LOCALIZATION_PREFERS_STRING_CATALOGS = YES;
				MTL_ENABLE_DEBUG_INFO = NO;
				MTL_FAST_MATH = YES;
				SDKROOT = iphoneos;
				SWIFT_COMPILATION_MODE = wholemodule;
				VALIDATE_PRODUCT = YES;
			};
			name = Release;
		};
		BABDE3CB2C496FC7000EE1B1 /* Debug */ = {
			isa = XCBuildConfiguration;
			buildSettings = {
				ASSETCATALOG_COMPILER_APPICON_NAME = AppIcon;
				ASSETCATALOG_COMPILER_GLOBAL_ACCENT_COLOR_NAME = AccentColor;
				CODE_SIGN_STYLE = Automatic;
				CURRENT_PROJECT_VERSION = 1;
				DEVELOPMENT_ASSET_PATHS = "\"QuickDiary/Preview Content\"";
				DEVELOPMENT_TEAM = 6VH946FT2M;
				ENABLE_PREVIEWS = YES;
				GENERATE_INFOPLIST_FILE = YES;
				INFOPLIST_KEY_UIApplicationSceneManifest_Generation = YES;
				INFOPLIST_KEY_UIApplicationSupportsIndirectInputEvents = YES;
				INFOPLIST_KEY_UILaunchScreen_Generation = YES;
				INFOPLIST_KEY_UISupportedInterfaceOrientations_iPad = "UIInterfaceOrientationPortrait UIInterfaceOrientationPortraitUpsideDown UIInterfaceOrientationLandscapeLeft UIInterfaceOrientationLandscapeRight";
				INFOPLIST_KEY_UISupportedInterfaceOrientations_iPhone = "UIInterfaceOrientationPortrait UIInterfaceOrientationLandscapeLeft UIInterfaceOrientationLandscapeRight";
				LD_RUNPATH_SEARCH_PATHS = (
					"$(inherited)",
					"@executable_path/Frameworks",
				);
				MARKETING_VERSION = 1.0;
				PRODUCT_BUNDLE_IDENTIFIER = com.henrycalderon.QuickDiary;
				PRODUCT_NAME = "$(TARGET_NAME)";
				SWIFT_EMIT_LOC_STRINGS = YES;
				SWIFT_VERSION = 5.0;
				TARGETED_DEVICE_FAMILY = "1,2";
			};
			name = Debug;
		};
		BABDE3CC2C496FC7000EE1B1 /* Release */ = {
			isa = XCBuildConfiguration;
			buildSettings = {
				ASSETCATALOG_COMPILER_APPICON_NAME = AppIcon;
				ASSETCATALOG_COMPILER_GLOBAL_ACCENT_COLOR_NAME = AccentColor;
				CODE_SIGN_STYLE = Automatic;
				CURRENT_PROJECT_VERSION = 1;
				DEVELOPMENT_ASSET_PATHS = "\"QuickDiary/Preview Content\"";
				DEVELOPMENT_TEAM = 6VH946FT2M;
				ENABLE_PREVIEWS = YES;
				GENERATE_INFOPLIST_FILE = YES;
				INFOPLIST_KEY_UIApplicationSceneManifest_Generation = YES;
				INFOPLIST_KEY_UIApplicationSupportsIndirectInputEvents = YES;
				INFOPLIST_KEY_UILaunchScreen_Generation = YES;
				INFOPLIST_KEY_UISupportedInterfaceOrientations_iPad = "UIInterfaceOrientationPortrait UIInterfaceOrientationPortraitUpsideDown UIInterfaceOrientationLandscapeLeft UIInterfaceOrientationLandscapeRight";
				INFOPLIST_KEY_UISupportedInterfaceOrientations_iPhone = "UIInterfaceOrientationPortrait UIInterfaceOrientationLandscapeLeft UIInterfaceOrientationLandscapeRight";
				LD_RUNPATH_SEARCH_PATHS = (
					"$(inherited)",
					"@executable_path/Frameworks",
				);
				MARKETING_VERSION = 1.0;
				PRODUCT_BUNDLE_IDENTIFIER = com.henrycalderon.QuickDiary;
				PRODUCT_NAME = "$(TARGET_NAME)";
				SWIFT_EMIT_LOC_STRINGS = YES;
				SWIFT_VERSION = 5.0;
				TARGETED_DEVICE_FAMILY = "1,2";
			};
			name = Release;
		};
/* End XCBuildConfiguration section */

/* Begin XCConfigurationList section */
		BABDE3B52C496FC4000EE1B1 /* Build configuration list for PBXProject "QuickDiary" */ = {
			isa = XCConfigurationList;
			buildConfigurations = (
				BABDE3C82C496FC7000EE1B1 /* Debug */,
				BABDE3C92C496FC7000EE1B1 /* Release */,
			);
			defaultConfigurationIsVisible = 0;
			defaultConfigurationName = Release;
		};
		BABDE3CA2C496FC7000EE1B1 /* Build configuration list for PBXNativeTarget "QuickDiary" */ = {
			isa = XCConfigurationList;
			buildConfigurations = (
				BABDE3CB2C496FC7000EE1B1 /* Debug */,
				BABDE3CC2C496FC7000EE1B1 /* Release */,
			);
			defaultConfigurationIsVisible = 0;
			defaultConfigurationName = Release;
		};
/* End XCConfigurationList section */
	};
	rootObject = BABDE3B22C496FC4000EE1B1 /* Project object */;
}
